
Microsoft Visual Studio Solution File, Format Version 12.00
# Visual Studio Version 17
VisualStudioVersion = 17.9.34701.34
MinimumVisualStudioVersion = 10.0.40219.1
Project("{FAE04EC0-301F-11D3-BF4B-00C04F79EFBC}") = "WPF_7.06", "WPF_7.06\WPF_7.06.csproj", "{B78583FC-9649-48CA-9A23-5F5AB9CBD466}"
EndProject
Global
	GlobalSection(SolutionConfigurationPlatforms) = preSolution
		Debug|Any CPU = Debug|Any CPU
		Release|Any CPU = Release|Any CPU
	EndGlobalSection
	GlobalSection(ProjectConfigurationPlatforms) = postSolution
		{B78583FC-9649-48CA-9A23-5F5AB9CBD466}.Debug|Any CPU.ActiveCfg = Debug|Any CPU
		{B78583FC-9649-48CA-9A23-5F5AB9CBD466}.Debug|Any CPU.Build.0 = Debug|Any CPU
		{B78583FC-9649-48CA-9A23-5F5AB9CBD466}.Release|Any CPU.ActiveCfg = Release|Any CPU
		{B78583FC-9649-48CA-9A23-5F5AB9CBD466}.Release|Any CPU.Build.0 = Release|Any CPU
	EndGlobalSection
	GlobalSection(SolutionProperties) = preSolution
		HideSolutionNode = FALSE
	EndGlobalSection
	GlobalSection(ExtensibilityGlobals) = postSolution
		SolutionGuid = {F9947AAE-9AF1-4857-88B8-D5B37BF5BCA3}
	EndGlobalSection
EndGlobal
